// !$*UTF8*$!
{
	archiveVersion = 1;
	classes = {
	};
	objectVersion = 46;
	objects = {

/* Begin PBXBuildFile section */
		03F200114C1242119A7010AE /* libPods.a in Frameworks */ = {isa = PBXBuildFile; fileRef = DC8B9C2EAF284A9FA7358A39 /* libPods.a */; };
		B700CDE619EB136A000D935F /* PanelController.m in Sources */ = {isa = PBXBuildFile; fileRef = B700CDE419EB136A000D935F /* PanelController.m */; };
		B700CDE719EB136A000D935F /* PanelController.xib in Resources */ = {isa = PBXBuildFile; fileRef = B700CDE519EB136A000D935F /* PanelController.xib */; };
		B700CDEB19EB38BC000D935F /* MenuController.m in Sources */ = {isa = PBXBuildFile; fileRef = B700CDE919EB38BC000D935F /* MenuController.m */; };
		B700CDEC19EB38BC000D935F /* MenuController.xib in Resources */ = {isa = PBXBuildFile; fileRef = B700CDEA19EB38BC000D935F /* MenuController.xib */; };
		B700CDF019EB4B65000D935F /* ProfileViewController.m in Sources */ = {isa = PBXBuildFile; fileRef = B700CDEE19EB4B65000D935F /* ProfileViewController.m */; };
		B700CDF119EB4B65000D935F /* ProfileViewController.xib in Resources */ = {isa = PBXBuildFile; fileRef = B700CDEF19EB4B65000D935F /* ProfileViewController.xib */; };
		B700CDF519EB4EF1000D935F /* MentionsViewController.m in Sources */ = {isa = PBXBuildFile; fileRef = B700CDF319EB4EF1000D935F /* MentionsViewController.m */; };
		B700CDF619EB4EF1000D935F /* MentionsViewController.xib in Resources */ = {isa = PBXBuildFile; fileRef = B700CDF419EB4EF1000D935F /* MentionsViewController.xib */; };
		B7183E6A19DA800500DC63FB /* ComposeViewController.m in Sources */ = {isa = PBXBuildFile; fileRef = B7183E6819DA800500DC63FB /* ComposeViewController.m */; };
		B7183E6B19DA800500DC63FB /* ComposeViewController.xib in Resources */ = {isa = PBXBuildFile; fileRef = B7183E6919DA800500DC63FB /* ComposeViewController.xib */; };
		B73B0A3519D761B4006CD2D2 /* TimelineViewController.m in Sources */ = {isa = PBXBuildFile; fileRef = B73B0A3319D761B4006CD2D2 /* TimelineViewController.m */; };
		B73B0A3619D761B4006CD2D2 /* TimelineViewController.xib in Resources */ = {isa = PBXBuildFile; fileRef = B73B0A3419D761B4006CD2D2 /* TimelineViewController.xib */; };
		B73B0A3D19D7634D006CD2D2 /* TimelineTweetCell.m in Sources */ = {isa = PBXBuildFile; fileRef = B73B0A3B19D7634D006CD2D2 /* TimelineTweetCell.m */; };
		B73B0A3E19D7634D006CD2D2 /* TimelineTweetCell.xib in Resources */ = {isa = PBXBuildFile; fileRef = B73B0A3C19D7634D006CD2D2 /* TimelineTweetCell.xib */; };
		B73B0A4119D768D8006CD2D2 /* TwitterClient.m in Sources */ = {isa = PBXBuildFile; fileRef = B73B0A4019D768D8006CD2D2 /* TwitterClient.m */; };
		B73B0A4519D76EA7006CD2D2 /* LoginViewController.m in Sources */ = {isa = PBXBuildFile; fileRef = B73B0A4319D76EA7006CD2D2 /* LoginViewController.m */; };
		B73B0A4619D76EA7006CD2D2 /* LoginViewController.xib in Resources */ = {isa = PBXBuildFile; fileRef = B73B0A4419D76EA7006CD2D2 /* LoginViewController.xib */; };
		B77DBF1419D75A8D00963E44 /* main.m in Sources */ = {isa = PBXBuildFile; fileRef = B77DBF1319D75A8D00963E44 /* main.m */; };
		B77DBF1719D75A8D00963E44 /* AppDelegate.m in Sources */ = {isa = PBXBuildFile; fileRef = B77DBF1619D75A8D00963E44 /* AppDelegate.m */; };
		B77DBF1F19D75A8D00963E44 /* Images.xcassets in Resources */ = {isa = PBXBuildFile; fileRef = B77DBF1E19D75A8D00963E44 /* Images.xcassets */; };
		B77DBF2B19D75A8D00963E44 /* twitterTests.m in Sources */ = {isa = PBXBuildFile; fileRef = B77DBF2A19D75A8D00963E44 /* twitterTests.m */; };
		B7E8908E19D92CFB0030C2FB /* TweetViewController.m in Sources */ = {isa = PBXBuildFile; fileRef = B7E8908C19D92CFB0030C2FB /* TweetViewController.m */; };
		B7E8908F19D92CFB0030C2FB /* TweetViewController.xib in Resources */ = {isa = PBXBuildFile; fileRef = B7E8908D19D92CFB0030C2FB /* TweetViewController.xib */; };
/* End PBXBuildFile section */

/* Begin PBXContainerItemProxy section */
		B77DBF2519D75A8D00963E44 /* PBXContainerItemProxy */ = {
			isa = PBXContainerItemProxy;
			containerPortal = B77DBF0619D75A8D00963E44 /* Project object */;
			proxyType = 1;
			remoteGlobalIDString = B77DBF0D19D75A8D00963E44;
			remoteInfo = twitter;
		};
/* End PBXContainerItemProxy section */

/* Begin PBXFileReference section */
		83C3CADA72824BE78AFA2568 /* Pods.xcconfig */ = {isa = PBXFileReference; includeInIndex = 1; lastKnownFileType = text.xcconfig; name = Pods.xcconfig; path = Pods/Pods.xcconfig; sourceTree = "<group>"; };
		B700CDE319EB136A000D935F /* PanelController.h */ = {isa = PBXFileReference; fileEncoding = 4; lastKnownFileType = sourcecode.c.h; path = PanelController.h; sourceTree = "<group>"; };
		B700CDE419EB136A000D935F /* PanelController.m */ = {isa = PBXFileReference; fileEncoding = 4; lastKnownFileType = sourcecode.c.objc; path = PanelController.m; sourceTree = "<group>"; };
		B700CDE519EB136A000D935F /* PanelController.xib */ = {isa = PBXFileReference; fileEncoding = 4; lastKnownFileType = file.xib; path = PanelController.xib; sourceTree = "<group>"; };
		B700CDE819EB38BC000D935F /* MenuController.h */ = {isa = PBXFileReference; fileEncoding = 4; lastKnownFileType = sourcecode.c.h; path = MenuController.h; sourceTree = "<group>"; };
		B700CDE919EB38BC000D935F /* MenuController.m */ = {isa = PBXFileReference; fileEncoding = 4; lastKnownFileType = sourcecode.c.objc; path = MenuController.m; sourceTree = "<group>"; };
		B700CDEA19EB38BC000D935F /* MenuController.xib */ = {isa = PBXFileReference; fileEncoding = 4; lastKnownFileType = file.xib; path = MenuController.xib; sourceTree = "<group>"; };
		B700CDED19EB4B65000D935F /* ProfileViewController.h */ = {isa = PBXFileReference; fileEncoding = 4; lastKnownFileType = sourcecode.c.h; path = ProfileViewController.h; sourceTree = "<group>"; };
		B700CDEE19EB4B65000D935F /* ProfileViewController.m */ = {isa = PBXFileReference; fileEncoding = 4; lastKnownFileType = sourcecode.c.objc; path = ProfileViewController.m; sourceTree = "<group>"; };
		B700CDEF19EB4B65000D935F /* ProfileViewController.xib */ = {isa = PBXFileReference; fileEncoding = 4; lastKnownFileType = file.xib; path = ProfileViewController.xib; sourceTree = "<group>"; };
		B700CDF219EB4EF1000D935F /* MentionsViewController.h */ = {isa = PBXFileReference; fileEncoding = 4; lastKnownFileType = sourcecode.c.h; path = MentionsViewController.h; sourceTree = "<group>"; };
		B700CDF319EB4EF1000D935F /* MentionsViewController.m */ = {isa = PBXFileReference; fileEncoding = 4; lastKnownFileType = sourcecode.c.objc; path = MentionsViewController.m; sourceTree = "<group>"; };
		B700CDF419EB4EF1000D935F /* MentionsViewController.xib */ = {isa = PBXFileReference; fileEncoding = 4; lastKnownFileType = file.xib; path = MentionsViewController.xib; sourceTree = "<group>"; };
		B7183E6719DA800500DC63FB /* ComposeViewController.h */ = {isa = PBXFileReference; fileEncoding = 4; lastKnownFileType = sourcecode.c.h; path = ComposeViewController.h; sourceTree = "<group>"; };
		B7183E6819DA800500DC63FB /* ComposeViewController.m */ = {isa = PBXFileReference; fileEncoding = 4; lastKnownFileType = sourcecode.c.objc; path = ComposeViewController.m; sourceTree = "<group>"; };
		B7183E6919DA800500DC63FB /* ComposeViewController.xib */ = {isa = PBXFileReference; fileEncoding = 4; lastKnownFileType = file.xib; path = ComposeViewController.xib; sourceTree = "<group>"; };
		B73B0A3219D761B4006CD2D2 /* TimelineViewController.h */ = {isa = PBXFileReference; fileEncoding = 4; lastKnownFileType = sourcecode.c.h; path = TimelineViewController.h; sourceTree = "<group>"; };
		B73B0A3319D761B4006CD2D2 /* TimelineViewController.m */ = {isa = PBXFileReference; fileEncoding = 4; lastKnownFileType = sourcecode.c.objc; path = TimelineViewController.m; sourceTree = "<group>"; };
		B73B0A3419D761B4006CD2D2 /* TimelineViewController.xib */ = {isa = PBXFileReference; fileEncoding = 4; lastKnownFileType = file.xib; path = TimelineViewController.xib; sourceTree = "<group>"; };
		B73B0A3A19D7634D006CD2D2 /* TimelineTweetCell.h */ = {isa = PBXFileReference; fileEncoding = 4; lastKnownFileType = sourcecode.c.h; path = TimelineTweetCell.h; sourceTree = "<group>"; };
		B73B0A3B19D7634D006CD2D2 /* TimelineTweetCell.m */ = {isa = PBXFileReference; fileEncoding = 4; lastKnownFileType = sourcecode.c.objc; path = TimelineTweetCell.m; sourceTree = "<group>"; };
		B73B0A3C19D7634D006CD2D2 /* TimelineTweetCell.xib */ = {isa = PBXFileReference; fileEncoding = 4; lastKnownFileType = file.xib; path = TimelineTweetCell.xib; sourceTree = "<group>"; };
		B73B0A3F19D768D8006CD2D2 /* TwitterClient.h */ = {isa = PBXFileReference; fileEncoding = 4; lastKnownFileType = sourcecode.c.h; path = TwitterClient.h; sourceTree = "<group>"; };
		B73B0A4019D768D8006CD2D2 /* TwitterClient.m */ = {isa = PBXFileReference; fileEncoding = 4; lastKnownFileType = sourcecode.c.objc; path = TwitterClient.m; sourceTree = "<group>"; };
		B73B0A4219D76EA7006CD2D2 /* LoginViewController.h */ = {isa = PBXFileReference; fileEncoding = 4; lastKnownFileType = sourcecode.c.h; path = LoginViewController.h; sourceTree = "<group>"; };
		B73B0A4319D76EA7006CD2D2 /* LoginViewController.m */ = {isa = PBXFileReference; fileEncoding = 4; lastKnownFileType = sourcecode.c.objc; path = LoginViewController.m; sourceTree = "<group>"; };
		B73B0A4419D76EA7006CD2D2 /* LoginViewController.xib */ = {isa = PBXFileReference; fileEncoding = 4; lastKnownFileType = file.xib; path = LoginViewController.xib; sourceTree = "<group>"; };
		B77DBF0E19D75A8D00963E44 /* twitter.app */ = {isa = PBXFileReference; explicitFileType = wrapper.application; includeInIndex = 0; path = twitter.app; sourceTree = BUILT_PRODUCTS_DIR; };
		B77DBF1219D75A8D00963E44 /* Info.plist */ = {isa = PBXFileReference; lastKnownFileType = text.plist.xml; path = Info.plist; sourceTree = "<group>"; };
		B77DBF1319D75A8D00963E44 /* main.m */ = {isa = PBXFileReference; lastKnownFileType = sourcecode.c.objc; path = main.m; sourceTree = "<group>"; };
		B77DBF1519D75A8D00963E44 /* AppDelegate.h */ = {isa = PBXFileReference; lastKnownFileType = sourcecode.c.h; path = AppDelegate.h; sourceTree = "<group>"; };
		B77DBF1619D75A8D00963E44 /* AppDelegate.m */ = {isa = PBXFileReference; lastKnownFileType = sourcecode.c.objc; path = AppDelegate.m; sourceTree = "<group>"; };
		B77DBF1E19D75A8D00963E44 /* Images.xcassets */ = {isa = PBXFileReference; lastKnownFileType = folder.assetcatalog; path = Images.xcassets; sourceTree = "<group>"; };
		B77DBF2419D75A8D00963E44 /* twitterTests.xctest */ = {isa = PBXFileReference; explicitFileType = wrapper.cfbundle; includeInIndex = 0; path = twitterTests.xctest; sourceTree = BUILT_PRODUCTS_DIR; };
		B77DBF2919D75A8D00963E44 /* Info.plist */ = {isa = PBXFileReference; lastKnownFileType = text.plist.xml; path = Info.plist; sourceTree = "<group>"; };
		B77DBF2A19D75A8D00963E44 /* twitterTests.m */ = {isa = PBXFileReference; lastKnownFileType = sourcecode.c.objc; path = twitterTests.m; sourceTree = "<group>"; };
		B7E8908B19D92CFB0030C2FB /* TweetViewController.h */ = {isa = PBXFileReference; fileEncoding = 4; lastKnownFileType = sourcecode.c.h; path = TweetViewController.h; sourceTree = "<group>"; };
		B7E8908C19D92CFB0030C2FB /* TweetViewController.m */ = {isa = PBXFileReference; fileEncoding = 4; lastKnownFileType = sourcecode.c.objc; path = TweetViewController.m; sourceTree = "<group>"; };
		B7E8908D19D92CFB0030C2FB /* TweetViewController.xib */ = {isa = PBXFileReference; fileEncoding = 4; lastKnownFileType = file.xib; path = TweetViewController.xib; sourceTree = "<group>"; };
		DC8B9C2EAF284A9FA7358A39 /* libPods.a */ = {isa = PBXFileReference; explicitFileType = archive.ar; includeInIndex = 0; path = libPods.a; sourceTree = BUILT_PRODUCTS_DIR; };
/* End PBXFileReference section */

/* Begin PBXFrameworksBuildPhase section */
		B77DBF0B19D75A8D00963E44 /* Frameworks */ = {
			isa = PBXFrameworksBuildPhase;
			buildActionMask = 2147483647;
			files = (
				03F200114C1242119A7010AE /* libPods.a in Frameworks */,
			);
			runOnlyForDeploymentPostprocessing = 0;
		};
		B77DBF2119D75A8D00963E44 /* Frameworks */ = {
			isa = PBXFrameworksBuildPhase;
			buildActionMask = 2147483647;
			files = (
			);
			runOnlyForDeploymentPostprocessing = 0;
		};
/* End PBXFrameworksBuildPhase section */

/* Begin PBXGroup section */
		94E6A9AA93294C54B7FD2DD3 /* Frameworks */ = {
			isa = PBXGroup;
			children = (
				DC8B9C2EAF284A9FA7358A39 /* libPods.a */,
			);
			name = Frameworks;
			sourceTree = "<group>";
		};
		B73B0A2419D75BED006CD2D2 /* API */ = {
			isa = PBXGroup;
			children = (
				B73B0A3F19D768D8006CD2D2 /* TwitterClient.h */,
				B73B0A4019D768D8006CD2D2 /* TwitterClient.m */,
			);
			name = API;
			sourceTree = "<group>";
		};
		B77DBF0519D75A8D00963E44 = {
			isa = PBXGroup;
			children = (
				B77DBF1019D75A8D00963E44 /* twitter */,
				B77DBF2719D75A8D00963E44 /* twitterTests */,
				B77DBF0F19D75A8D00963E44 /* Products */,
				83C3CADA72824BE78AFA2568 /* Pods.xcconfig */,
				94E6A9AA93294C54B7FD2DD3 /* Frameworks */,
			);
			sourceTree = "<group>";
		};
		B77DBF0F19D75A8D00963E44 /* Products */ = {
			isa = PBXGroup;
			children = (
				B77DBF0E19D75A8D00963E44 /* twitter.app */,
				B77DBF2419D75A8D00963E44 /* twitterTests.xctest */,
			);
			name = Products;
			sourceTree = "<group>";
		};
		B77DBF1019D75A8D00963E44 /* twitter */ = {
			isa = PBXGroup;
			children = (
				B73B0A2419D75BED006CD2D2 /* API */,
				B77DBF1519D75A8D00963E44 /* AppDelegate.h */,
				B77DBF1619D75A8D00963E44 /* AppDelegate.m */,
				B77DBF1E19D75A8D00963E44 /* Images.xcassets */,
				B77DBF1119D75A8D00963E44 /* Supporting Files */,
				B73B0A3219D761B4006CD2D2 /* TimelineViewController.h */,
				B73B0A3319D761B4006CD2D2 /* TimelineViewController.m */,
				B73B0A3419D761B4006CD2D2 /* TimelineViewController.xib */,
				B73B0A3A19D7634D006CD2D2 /* TimelineTweetCell.h */,
				B73B0A3B19D7634D006CD2D2 /* TimelineTweetCell.m */,
				B73B0A3C19D7634D006CD2D2 /* TimelineTweetCell.xib */,
				B73B0A4219D76EA7006CD2D2 /* LoginViewController.h */,
				B73B0A4319D76EA7006CD2D2 /* LoginViewController.m */,
				B73B0A4419D76EA7006CD2D2 /* LoginViewController.xib */,
				B7E8908B19D92CFB0030C2FB /* TweetViewController.h */,
				B7E8908C19D92CFB0030C2FB /* TweetViewController.m */,
				B7E8908D19D92CFB0030C2FB /* TweetViewController.xib */,
				B7183E6719DA800500DC63FB /* ComposeViewController.h */,
				B7183E6819DA800500DC63FB /* ComposeViewController.m */,
				B7183E6919DA800500DC63FB /* ComposeViewController.xib */,
				B700CDE319EB136A000D935F /* PanelController.h */,
				B700CDE419EB136A000D935F /* PanelController.m */,
				B700CDE519EB136A000D935F /* PanelController.xib */,
				B700CDE819EB38BC000D935F /* MenuController.h */,
				B700CDE919EB38BC000D935F /* MenuController.m */,
				B700CDEA19EB38BC000D935F /* MenuController.xib */,
				B700CDED19EB4B65000D935F /* ProfileViewController.h */,
				B700CDEE19EB4B65000D935F /* ProfileViewController.m */,
				B700CDEF19EB4B65000D935F /* ProfileViewController.xib */,
				B700CDF219EB4EF1000D935F /* MentionsViewController.h */,
				B700CDF319EB4EF1000D935F /* MentionsViewController.m */,
				B700CDF419EB4EF1000D935F /* MentionsViewController.xib */,
			);
			path = twitter;
			sourceTree = "<group>";
		};
		B77DBF1119D75A8D00963E44 /* Supporting Files */ = {
			isa = PBXGroup;
			children = (
				B77DBF1219D75A8D00963E44 /* Info.plist */,
				B77DBF1319D75A8D00963E44 /* main.m */,
			);
			name = "Supporting Files";
			sourceTree = "<group>";
		};
		B77DBF2719D75A8D00963E44 /* twitterTests */ = {
			isa = PBXGroup;
			children = (
				B77DBF2A19D75A8D00963E44 /* twitterTests.m */,
				B77DBF2819D75A8D00963E44 /* Supporting Files */,
			);
			path = twitterTests;
			sourceTree = "<group>";
		};
		B77DBF2819D75A8D00963E44 /* Supporting Files */ = {
			isa = PBXGroup;
			children = (
				B77DBF2919D75A8D00963E44 /* Info.plist */,
			);
			name = "Supporting Files";
			sourceTree = "<group>";
		};
/* End PBXGroup section */

/* Begin PBXNativeTarget section */
		B77DBF0D19D75A8D00963E44 /* twitter */ = {
			isa = PBXNativeTarget;
			buildConfigurationList = B77DBF2E19D75A8D00963E44 /* Build configuration list for PBXNativeTarget "twitter" */;
			buildPhases = (
				964480CDF5CB42248038C5EB /* Check Pods Manifest.lock */,
				B77DBF0A19D75A8D00963E44 /* Sources */,
				B77DBF0B19D75A8D00963E44 /* Frameworks */,
				B77DBF0C19D75A8D00963E44 /* Resources */,
				7118FE4250B640AF94769F4B /* Copy Pods Resources */,
			);
			buildRules = (
			);
			dependencies = (
			);
			name = twitter;
			productName = twitter;
			productReference = B77DBF0E19D75A8D00963E44 /* twitter.app */;
			productType = "com.apple.product-type.application";
		};
		B77DBF2319D75A8D00963E44 /* twitterTests */ = {
			isa = PBXNativeTarget;
			buildConfigurationList = B77DBF3119D75A8D00963E44 /* Build configuration list for PBXNativeTarget "twitterTests" */;
			buildPhases = (
				B77DBF2019D75A8D00963E44 /* Sources */,
				B77DBF2119D75A8D00963E44 /* Frameworks */,
				B77DBF2219D75A8D00963E44 /* Resources */,
			);
			buildRules = (
			);
			dependencies = (
				B77DBF2619D75A8D00963E44 /* PBXTargetDependency */,
			);
			name = twitterTests;
			productName = twitterTests;
			productReference = B77DBF2419D75A8D00963E44 /* twitterTests.xctest */;
			productType = "com.apple.product-type.bundle.unit-test";
		};
/* End PBXNativeTarget section */

/* Begin PBXProject section */
		B77DBF0619D75A8D00963E44 /* Project object */ = {
			isa = PBXProject;
			attributes = {
				LastUpgradeCheck = 0600;
				ORGANIZATIONNAME = "Taomin Chang";
				TargetAttributes = {
					B77DBF0D19D75A8D00963E44 = {
						CreatedOnToolsVersion = 6.0;
					};
					B77DBF2319D75A8D00963E44 = {
						CreatedOnToolsVersion = 6.0;
						TestTargetID = B77DBF0D19D75A8D00963E44;
					};
				};
			};
			buildConfigurationList = B77DBF0919D75A8D00963E44 /* Build configuration list for PBXProject "twitter" */;
			compatibilityVersion = "Xcode 3.2";
			developmentRegion = English;
			hasScannedForEncodings = 0;
			knownRegions = (
				en,
				Base,
			);
			mainGroup = B77DBF0519D75A8D00963E44;
			productRefGroup = B77DBF0F19D75A8D00963E44 /* Products */;
			projectDirPath = "";
			projectRoot = "";
			targets = (
				B77DBF0D19D75A8D00963E44 /* twitter */,
				B77DBF2319D75A8D00963E44 /* twitterTests */,
			);
		};
/* End PBXProject section */

/* Begin PBXResourcesBuildPhase section */
		B77DBF0C19D75A8D00963E44 /* Resources */ = {
			isa = PBXResourcesBuildPhase;
			buildActionMask = 2147483647;
			files = (
				B700CDF119EB4B65000D935F /* ProfileViewController.xib in Resources */,
				B700CDF619EB4EF1000D935F /* MentionsViewController.xib in Resources */,
				B73B0A4619D76EA7006CD2D2 /* LoginViewController.xib in Resources */,
				B7183E6B19DA800500DC63FB /* ComposeViewController.xib in Resources */,
				B73B0A3619D761B4006CD2D2 /* TimelineViewController.xib in Resources */,
				B73B0A3E19D7634D006CD2D2 /* TimelineTweetCell.xib in Resources */,
				B700CDEC19EB38BC000D935F /* MenuController.xib in Resources */,
				B7E8908F19D92CFB0030C2FB /* TweetViewController.xib in Resources */,
				B700CDE719EB136A000D935F /* PanelController.xib in Resources */,
				B77DBF1F19D75A8D00963E44 /* Images.xcassets in Resources */,
			);
			runOnlyForDeploymentPostprocessing = 0;
		};
		B77DBF2219D75A8D00963E44 /* Resources */ = {
			isa = PBXResourcesBuildPhase;
			buildActionMask = 2147483647;
			files = (
			);
			runOnlyForDeploymentPostprocessing = 0;
		};
/* End PBXResourcesBuildPhase section */

/* Begin PBXShellScriptBuildPhase section */
		7118FE4250B640AF94769F4B /* Copy Pods Resources */ = {
			isa = PBXShellScriptBuildPhase;
			buildActionMask = 2147483647;
			files = (
			);
			inputPaths = (
			);
			name = "Copy Pods Resources";
			outputPaths = (
			);
			runOnlyForDeploymentPostprocessing = 0;
			shellPath = /bin/sh;
			shellScript = "\"${SRCROOT}/Pods/Pods-resources.sh\"\n";
			showEnvVarsInLog = 0;
		};
		964480CDF5CB42248038C5EB /* Check Pods Manifest.lock */ = {
			isa = PBXShellScriptBuildPhase;
			buildActionMask = 2147483647;
			files = (
			);
			inputPaths = (
			);
			name = "Check Pods Manifest.lock";
			outputPaths = (
			);
			runOnlyForDeploymentPostprocessing = 0;
			shellPath = /bin/sh;
			shellScript = "diff \"${PODS_ROOT}/../Podfile.lock\" \"${PODS_ROOT}/Manifest.lock\" > /dev/null\nif [[ $? != 0 ]] ; then\n    cat << EOM\nerror: The sandbox is not in sync with the Podfile.lock. Run 'pod install' or update your CocoaPods installation.\nEOM\n    exit 1\nfi\n";
			showEnvVarsInLog = 0;
		};
/* End PBXShellScriptBuildPhase section */

/* Begin PBXSourcesBuildPhase section */
		B77DBF0A19D75A8D00963E44 /* Sources */ = {
			isa = PBXSourcesBuildPhase;
			buildActionMask = 2147483647;
			files = (
				B7E8908E19D92CFB0030C2FB /* TweetViewController.m in Sources */,
				B73B0A3D19D7634D006CD2D2 /* TimelineTweetCell.m in Sources */,
				B700CDEB19EB38BC000D935F /* MenuController.m in Sources */,
				B700CDF519EB4EF1000D935F /* MentionsViewController.m in Sources */,
				B77DBF1719D75A8D00963E44 /* AppDelegate.m in Sources */,
				B73B0A4519D76EA7006CD2D2 /* LoginViewController.m in Sources */,
				B73B0A4119D768D8006CD2D2 /* TwitterClient.m in Sources */,
				B77DBF1419D75A8D00963E44 /* main.m in Sources */,
				B73B0A3519D761B4006CD2D2 /* TimelineViewController.m in Sources */,
				B700CDF019EB4B65000D935F /* ProfileViewController.m in Sources */,
				B7183E6A19DA800500DC63FB /* ComposeViewController.m in Sources */,
				B700CDE619EB136A000D935F /* PanelController.m in Sources */,
			);
			runOnlyForDeploymentPostprocessing = 0;
		};
		B77DBF2019D75A8D00963E44 /* Sources */ = {
			isa = PBXSourcesBuildPhase;
			buildActionMask = 2147483647;
			files = (
				B77DBF2B19D75A8D00963E44 /* twitterTests.m in Sources */,
			);
			runOnlyForDeploymentPostprocessing = 0;
		};
/* End PBXSourcesBuildPhase section */

/* Begin PBXTargetDependency section */
		B77DBF2619D75A8D00963E44 /* PBXTargetDependency */ = {
			isa = PBXTargetDependency;
			target = B77DBF0D19D75A8D00963E44 /* twitter */;
			targetProxy = B77DBF2519D75A8D00963E44 /* PBXContainerItemProxy */;
		};
/* End PBXTargetDependency section */

/* Begin XCBuildConfiguration section */
		B77DBF2C19D75A8D00963E44 /* Debug */ = {
			isa = XCBuildConfiguration;
			buildSettings = {
				ALWAYS_SEARCH_USER_PATHS = NO;
				CLANG_CXX_LANGUAGE_STANDARD = "gnu++0x";
				CLANG_CXX_LIBRARY = "libc++";
				CLANG_ENABLE_MODULES = YES;
				CLANG_ENABLE_OBJC_ARC = YES;
				CLANG_WARN_BOOL_CONVERSION = YES;
				CLANG_WARN_CONSTANT_CONVERSION = YES;
				CLANG_WARN_DIRECT_OBJC_ISA_USAGE = YES_ERROR;
				CLANG_WARN_EMPTY_BODY = YES;
				CLANG_WARN_ENUM_CONVERSION = YES;
				CLANG_WARN_INT_CONVERSION = YES;
				CLANG_WARN_OBJC_ROOT_CLASS = YES_ERROR;
				CLANG_WARN_UNREACHABLE_CODE = YES;
				CLANG_WARN__DUPLICATE_METHOD_MATCH = YES;
				"CODE_SIGN_IDENTITY[sdk=iphoneos*]" = "iPhone Developer";
				COPY_PHASE_STRIP = NO;
				ENABLE_STRICT_OBJC_MSGSEND = YES;
				GCC_C_LANGUAGE_STANDARD = gnu99;
				GCC_DYNAMIC_NO_PIC = NO;
				GCC_OPTIMIZATION_LEVEL = 0;
				GCC_PREPROCESSOR_DEFINITIONS = (
					"DEBUG=1",
					"$(inherited)",
				);
				GCC_SYMBOLS_PRIVATE_EXTERN = NO;
				GCC_WARN_64_TO_32_BIT_CONVERSION = YES;
				GCC_WARN_ABOUT_RETURN_TYPE = YES_ERROR;
				GCC_WARN_UNDECLARED_SELECTOR = YES;
				GCC_WARN_UNINITIALIZED_AUTOS = YES_AGGRESSIVE;
				GCC_WARN_UNUSED_FUNCTION = YES;
				GCC_WARN_UNUSED_VARIABLE = YES;
				IPHONEOS_DEPLOYMENT_TARGET = 8.0;
				MTL_ENABLE_DEBUG_INFO = YES;
				ONLY_ACTIVE_ARCH = YES;
				SDKROOT = iphoneos;
			};
			name = Debug;
		};
		B77DBF2D19D75A8D00963E44 /* Release */ = {
			isa = XCBuildConfiguration;
			buildSettings = {
				ALWAYS_SEARCH_USER_PATHS = NO;
				CLANG_CXX_LANGUAGE_STANDARD = "gnu++0x";
				CLANG_CXX_LIBRARY = "libc++";
				CLANG_ENABLE_MODULES = YES;
				CLANG_ENABLE_OBJC_ARC = YES;
				CLANG_WARN_BOOL_CONVERSION = YES;
				CLANG_WARN_CONSTANT_CONVERSION = YES;
				CLANG_WARN_DIRECT_OBJC_ISA_USAGE = YES_ERROR;
				CLANG_WARN_EMPTY_BODY = YES;
				CLANG_WARN_ENUM_CONVERSION = YES;
				CLANG_WARN_INT_CONVERSION = YES;
				CLANG_WARN_OBJC_ROOT_CLASS = YES_ERROR;
				CLANG_WARN_UNREACHABLE_CODE = YES;
				CLANG_WARN__DUPLICATE_METHOD_MATCH = YES;
				"CODE_SIGN_IDENTITY[sdk=iphoneos*]" = "iPhone Developer";
				COPY_PHASE_STRIP = YES;
				ENABLE_NS_ASSERTIONS = NO;
				ENABLE_STRICT_OBJC_MSGSEND = YES;
				GCC_C_LANGUAGE_STANDARD = gnu99;
				GCC_WARN_64_TO_32_BIT_CONVERSION = YES;
				GCC_WARN_ABOUT_RETURN_TYPE = YES_ERROR;
				GCC_WARN_UNDECLARED_SELECTOR = YES;
				GCC_WARN_UNINITIALIZED_AUTOS = YES_AGGRESSIVE;
				GCC_WARN_UNUSED_FUNCTION = YES;
				GCC_WARN_UNUSED_VARIABLE = YES;
				IPHONEOS_DEPLOYMENT_TARGET = 8.0;
				MTL_ENABLE_DEBUG_INFO = NO;
				SDKROOT = iphoneos;
				VALIDATE_PRODUCT = YES;
			};
			name = Release;
		};
		B77DBF2F19D75A8D00963E44 /* Debug */ = {
			isa = XCBuildConfiguration;
			baseConfigurationReference = 83C3CADA72824BE78AFA2568 /* Pods.xcconfig */;
			buildSettings = {
				ASSETCATALOG_COMPILER_APPICON_NAME = AppIcon;
				ASSETCATALOG_COMPILER_LAUNCHIMAGE_NAME = LaunchImage;
				INFOPLIST_FILE = twitter/Info.plist;
				LD_RUNPATH_SEARCH_PATHS = "$(inherited) @executable_path/Frameworks";
				PRODUCT_NAME = "$(TARGET_NAME)";
			};
			name = Debug;
		};
		B77DBF3019D75A8D00963E44 /* Release */ = {
			isa = XCBuildConfiguration;
			baseConfigurationReference = 83C3CADA72824BE78AFA2568 /* Pods.xcconfig */;
			buildSettings = {
				ASSETCATALOG_COMPILER_APPICON_NAME = AppIcon;
				ASSETCATALOG_COMPILER_LAUNCHIMAGE_NAME = LaunchImage;
				INFOPLIST_FILE = twitter/Info.plist;
				LD_RUNPATH_SEARCH_PATHS = "$(inherited) @executable_path/Frameworks";
				PRODUCT_NAME = "$(TARGET_NAME)";
			};
			name = Release;
		};
		B77DBF3219D75A8D00963E44 /* Debug */ = {
			isa = XCBuildConfiguration;
			buildSettings = {
				BUNDLE_LOADER = "$(TEST_HOST)";
				FRAMEWORK_SEARCH_PATHS = (
					"$(SDKROOT)/Developer/Library/Frameworks",
					"$(inherited)",
				);
				GCC_PREPROCESSOR_DEFINITIONS = (
					"DEBUG=1",
					"$(inherited)",
				);
				INFOPLIST_FILE = twitterTests/Info.plist;
				LD_RUNPATH_SEARCH_PATHS = "$(inherited) @executable_path/Frameworks @loader_path/Frameworks";
				PRODUCT_NAME = "$(TARGET_NAME)";
				TEST_HOST = "$(BUILT_PRODUCTS_DIR)/twitter.app/twitter";
			};
			name = Debug;
		};
		B77DBF3319D75A8D00963E44 /* Release */ = {
			isa = XCBuildConfiguration;
			buildSettings = {
				BUNDLE_LOADER = "$(TEST_HOST)";
				FRAMEWORK_SEARCH_PATHS = (
					"$(SDKROOT)/Developer/Library/Frameworks",
					"$(inherited)",
				);
				INFOPLIST_FILE = twitterTests/Info.plist;
				LD_RUNPATH_SEARCH_PATHS = "$(inherited) @executable_path/Frameworks @loader_path/Frameworks";
				PRODUCT_NAME = "$(TARGET_NAME)";
				TEST_HOST = "$(BUILT_PRODUCTS_DIR)/twitter.app/twitter";
			};
			name = Release;
		};
/* End XCBuildConfiguration section */

/* Begin XCConfigurationList section */
		B77DBF0919D75A8D00963E44 /* Build configuration list for PBXProject "twitter" */ = {
			isa = XCConfigurationList;
			buildConfigurations = (
				B77DBF2C19D75A8D00963E44 /* Debug */,
				B77DBF2D19D75A8D00963E44 /* Release */,
			);
			defaultConfigurationIsVisible = 0;
			defaultConfigurationName = Release;
		};
		B77DBF2E19D75A8D00963E44 /* Build configuration list for PBXNativeTarget "twitter" */ = {
			isa = XCConfigurationList;
			buildConfigurations = (
				B77DBF2F19D75A8D00963E44 /* Debug */,
				B77DBF3019D75A8D00963E44 /* Release */,
			);
			defaultConfigurationIsVisible = 0;
			defaultConfigurationName = Release;
		};
		B77DBF3119D75A8D00963E44 /* Build configuration list for PBXNativeTarget "twitterTests" */ = {
			isa = XCConfigurationList;
			buildConfigurations = (
				B77DBF3219D75A8D00963E44 /* Debug */,
				B77DBF3319D75A8D00963E44 /* Release */,
			);
			defaultConfigurationIsVisible = 0;
			defaultConfigurationName = Release;
		};
/* End XCConfigurationList section */
	};
	rootObject = B77DBF0619D75A8D00963E44 /* Project object */;
}
